
Microsoft Visual Studio Solution File, Format Version 12.00
# Visual Studio Version 17
VisualStudioVersion = 17.8.34408.163
MinimumVisualStudioVersion = 10.0.40219.1
Project("{FAE04EC0-301F-11D3-BF4B-00C04F79EFBC}") = "ASPProperties1", "ASPProperties1.csproj", "{CAE314DD-8F00-473E-A004-80FDEF2387D1}"
EndProject
Global
	GlobalSection(SolutionConfigurationPlatforms) = preSolution
		Debug|Any CPU = Debug|Any CPU
		Release|Any CPU = Release|Any CPU
	EndGlobalSection
	GlobalSection(ProjectConfigurationPlatforms) = postSolution
		{CAE314DD-8F00-473E-A004-80FDEF2387D1}.Debug|Any CPU.ActiveCfg = Debug|Any CPU
		{CAE314DD-8F00-473E-A004-80FDEF2387D1}.Debug|Any CPU.Build.0 = Debug|Any CPU
		{CAE314DD-8F00-473E-A004-80FDEF2387D1}.Release|Any CPU.ActiveCfg = Release|Any CPU
		{CAE314DD-8F00-473E-A004-80FDEF2387D1}.Release|Any CPU.Build.0 = Release|Any CPU
	EndGlobalSection
	GlobalSection(SolutionProperties) = preSolution
		HideSolutionNode = FALSE
	EndGlobalSection
	GlobalSection(ExtensibilityGlobals) = postSolution
		SolutionGuid = {18B45C69-B930-481C-A30D-08B5F2A037B9}
	EndGlobalSection
EndGlobal
