
Microsoft Visual Studio Solution File, Format Version 12.00
# Visual Studio Version 17
VisualStudioVersion = 17.8.34408.163
MinimumVisualStudioVersion = 10.0.40219.1
Project("{FAE04EC0-301F-11D3-BF4B-00C04F79EFBC}") = "primenumberprint", "primenumberprint.csproj", "{3E1BBC2A-0954-4821-A693-7D8DA9ECB5CB}"
EndProject
Global
	GlobalSection(SolutionConfigurationPlatforms) = preSolution
		Debug|Any CPU = Debug|Any CPU
		Release|Any CPU = Release|Any CPU
	EndGlobalSection
	GlobalSection(ProjectConfigurationPlatforms) = postSolution
		{3E1BBC2A-0954-4821-A693-7D8DA9ECB5CB}.Debug|Any CPU.ActiveCfg = Debug|Any CPU
		{3E1BBC2A-0954-4821-A693-7D8DA9ECB5CB}.Debug|Any CPU.Build.0 = Debug|Any CPU
		{3E1BBC2A-0954-4821-A693-7D8DA9ECB5CB}.Release|Any CPU.ActiveCfg = Release|Any CPU
		{3E1BBC2A-0954-4821-A693-7D8DA9ECB5CB}.Release|Any CPU.Build.0 = Release|Any CPU
	EndGlobalSection
	GlobalSection(SolutionProperties) = preSolution
		HideSolutionNode = FALSE
	EndGlobalSection
	GlobalSection(ExtensibilityGlobals) = postSolution
		SolutionGuid = {3CA95DC2-30B1-4463-918B-A72A89572C7B}
	EndGlobalSection
EndGlobal
