
Microsoft Visual Studio Solution File, Format Version 12.00
# Visual Studio Version 17
VisualStudioVersion = 17.8.34408.163
MinimumVisualStudioVersion = 10.0.40219.1
Project("{FAE04EC0-301F-11D3-BF4B-00C04F79EFBC}") = "CourseRegistration", "CourseRegistration.csproj", "{1A968A0D-E4B2-4745-B0C2-3D5773A538EA}"
EndProject
Global
	GlobalSection(SolutionConfigurationPlatforms) = preSolution
		Debug|Any CPU = Debug|Any CPU
		Release|Any CPU = Release|Any CPU
	EndGlobalSection
	GlobalSection(ProjectConfigurationPlatforms) = postSolution
		{1A968A0D-E4B2-4745-B0C2-3D5773A538EA}.Debug|Any CPU.ActiveCfg = Debug|Any CPU
		{1A968A0D-E4B2-4745-B0C2-3D5773A538EA}.Debug|Any CPU.Build.0 = Debug|Any CPU
		{1A968A0D-E4B2-4745-B0C2-3D5773A538EA}.Release|Any CPU.ActiveCfg = Release|Any CPU
		{1A968A0D-E4B2-4745-B0C2-3D5773A538EA}.Release|Any CPU.Build.0 = Release|Any CPU
	EndGlobalSection
	GlobalSection(SolutionProperties) = preSolution
		HideSolutionNode = FALSE
	EndGlobalSection
	GlobalSection(ExtensibilityGlobals) = postSolution
		SolutionGuid = {03DCF7AF-AC3E-4238-9503-ABF98E71D7DF}
	EndGlobalSection
EndGlobal
